// !$*UTF8*$!
{
	archiveVersion = 1;
	classes = {
	};
	objectVersion = 55;
	objects = {

/* Begin PBXBuildFile section */
		FFC92E8927F3A16300A1D5F5 /* InstagramUI_SwiftUIApp.swift in Sources */ = {isa = PBXBuildFile; fileRef = FFC92E8827F3A16300A1D5F5 /* InstagramUI_SwiftUIApp.swift */; };
		FFC92E8B27F3A16300A1D5F5 /* ContentView.swift in Sources */ = {isa = PBXBuildFile; fileRef = FFC92E8A27F3A16300A1D5F5 /* ContentView.swift */; };
		FFC92E8D27F3A16400A1D5F5 /* Assets.xcassets in Resources */ = {isa = PBXBuildFile; fileRef = FFC92E8C27F3A16400A1D5F5 /* Assets.xcassets */; };
		FFC92E9027F3A16400A1D5F5 /* Preview Assets.xcassets in Resources */ = {isa = PBXBuildFile; fileRef = FFC92E8F27F3A16400A1D5F5 /* Preview Assets.xcassets */; };
		FFC92E9827F3B1BD00A1D5F5 /* Navigation.swift in Sources */ = {isa = PBXBuildFile; fileRef = FFC92E9727F3B1BD00A1D5F5 /* Navigation.swift */; };
		FFC92E9A27F3B20F00A1D5F5 /* Story.swift in Sources */ = {isa = PBXBuildFile; fileRef = FFC92E9927F3B20E00A1D5F5 /* Story.swift */; };
		FFC92E9C27F3B22F00A1D5F5 /* StoryAll.swift in Sources */ = {isa = PBXBuildFile; fileRef = FFC92E9B27F3B22F00A1D5F5 /* StoryAll.swift */; };
		FFC92E9E27F3B25C00A1D5F5 /* PostHeader.swift in Sources */ = {isa = PBXBuildFile; fileRef = FFC92E9D27F3B25C00A1D5F5 /* PostHeader.swift */; };
		FFC92EA027F3B27800A1D5F5 /* PostImage.swift in Sources */ = {isa = PBXBuildFile; fileRef = FFC92E9F27F3B27800A1D5F5 /* PostImage.swift */; };
		FFC92EA227F3B29200A1D5F5 /* PostContent.swift in Sources */ = {isa = PBXBuildFile; fileRef = FFC92EA127F3B29200A1D5F5 /* PostContent.swift */; };
		FFC92EA427F3B2AE00A1D5F5 /* PostAssets.swift in Sources */ = {isa = PBXBuildFile; fileRef = FFC92EA327F3B2AE00A1D5F5 /* PostAssets.swift */; };
		FFC92EA627F3B2E700A1D5F5 /* PostAll.swift in Sources */ = {isa = PBXBuildFile; fileRef = FFC92EA527F3B2E700A1D5F5 /* PostAll.swift */; };
/* End PBXBuildFile section */

/* Begin PBXFileReference section */
		FFC92E8527F3A16300A1D5F5 /* InstagramUI-SwiftUI.app */ = {isa = PBXFileReference; explicitFileType = wrapper.application; includeInIndex = 0; path = "InstagramUI-SwiftUI.app"; sourceTree = BUILT_PRODUCTS_DIR; };
		FFC92E8827F3A16300A1D5F5 /* InstagramUI_SwiftUIApp.swift */ = {isa = PBXFileReference; lastKnownFileType = sourcecode.swift; path = InstagramUI_SwiftUIApp.swift; sourceTree = "<group>"; };
		FFC92E8A27F3A16300A1D5F5 /* ContentView.swift */ = {isa = PBXFileReference; lastKnownFileType = sourcecode.swift; path = ContentView.swift; sourceTree = "<group>"; };
		FFC92E8C27F3A16400A1D5F5 /* Assets.xcassets */ = {isa = PBXFileReference; lastKnownFileType = folder.assetcatalog; path = Assets.xcassets; sourceTree = "<group>"; };
		FFC92E8F27F3A16400A1D5F5 /* Preview Assets.xcassets */ = {isa = PBXFileReference; lastKnownFileType = folder.assetcatalog; path = "Preview Assets.xcassets"; sourceTree = "<group>"; };
		FFC92E9727F3B1BD00A1D5F5 /* Navigation.swift */ = {isa = PBXFileReference; lastKnownFileType = sourcecode.swift; path = Navigation.swift; sourceTree = "<group>"; };
		FFC92E9927F3B20E00A1D5F5 /* Story.swift */ = {isa = PBXFileReference; lastKnownFileType = sourcecode.swift; path = Story.swift; sourceTree = "<group>"; };
		FFC92E9B27F3B22F00A1D5F5 /* StoryAll.swift */ = {isa = PBXFileReference; lastKnownFileType = sourcecode.swift; path = StoryAll.swift; sourceTree = "<group>"; };
		FFC92E9D27F3B25C00A1D5F5 /* PostHeader.swift */ = {isa = PBXFileReference; lastKnownFileType = sourcecode.swift; path = PostHeader.swift; sourceTree = "<group>"; };
		FFC92E9F27F3B27800A1D5F5 /* PostImage.swift */ = {isa = PBXFileReference; lastKnownFileType = sourcecode.swift; path = PostImage.swift; sourceTree = "<group>"; };
		FFC92EA127F3B29200A1D5F5 /* PostContent.swift */ = {isa = PBXFileReference; lastKnownFileType = sourcecode.swift; path = PostContent.swift; sourceTree = "<group>"; };
		FFC92EA327F3B2AE00A1D5F5 /* PostAssets.swift */ = {isa = PBXFileReference; lastKnownFileType = sourcecode.swift; path = PostAssets.swift; sourceTree = "<group>"; };
		FFC92EA527F3B2E700A1D5F5 /* PostAll.swift */ = {isa = PBXFileReference; lastKnownFileType = sourcecode.swift; path = PostAll.swift; sourceTree = "<group>"; };
/* End PBXFileReference section */

/* Begin PBXFrameworksBuildPhase section */
		FFC92E8227F3A16300A1D5F5 /* Frameworks */ = {
			isa = PBXFrameworksBuildPhase;
			buildActionMask = 2147483647;
			files = (
			);
			runOnlyForDeploymentPostprocessing = 0;
		};
/* End PBXFrameworksBuildPhase section */

/* Begin PBXGroup section */
		FFC92E7C27F3A16300A1D5F5 = {
			isa = PBXGroup;
			children = (
				FFC92E8727F3A16300A1D5F5 /* InstagramUI-SwiftUI */,
				FFC92E8627F3A16300A1D5F5 /* Products */,
			);
			sourceTree = "<group>";
		};
		FFC92E8627F3A16300A1D5F5 /* Products */ = {
			isa = PBXGroup;
			children = (
				FFC92E8527F3A16300A1D5F5 /* InstagramUI-SwiftUI.app */,
			);
			name = Products;
			sourceTree = "<group>";
		};
		FFC92E8727F3A16300A1D5F5 /* InstagramUI-SwiftUI */ = {
			isa = PBXGroup;
			children = (
				FFC92EA727F3B30100A1D5F5 /* Screen */,
				FFC92E9627F3B1A300A1D5F5 /* View */,
				FFC92E8827F3A16300A1D5F5 /* InstagramUI_SwiftUIApp.swift */,
				FFC92E8C27F3A16400A1D5F5 /* Assets.xcassets */,
				FFC92E8E27F3A16400A1D5F5 /* Preview Content */,
			);
			path = "InstagramUI-SwiftUI";
			sourceTree = "<group>";
		};
		FFC92E8E27F3A16400A1D5F5 /* Preview Content */ = {
			isa = PBXGroup;
			children = (
				FFC92E8F27F3A16400A1D5F5 /* Preview Assets.xcassets */,
			);
			path = "Preview Content";
			sourceTree = "<group>";
		};
		FFC92E9627F3B1A300A1D5F5 /* View */ = {
			isa = PBXGroup;
			children = (
				FFC92E9727F3B1BD00A1D5F5 /* Navigation.swift */,
				FFC92E9927F3B20E00A1D5F5 /* Story.swift */,
				FFC92E9B27F3B22F00A1D5F5 /* StoryAll.swift */,
				FFC92E9D27F3B25C00A1D5F5 /* PostHeader.swift */,
				FFC92E9F27F3B27800A1D5F5 /* PostImage.swift */,
				FFC92EA127F3B29200A1D5F5 /* PostContent.swift */,
				FFC92EA327F3B2AE00A1D5F5 /* PostAssets.swift */,
				FFC92EA527F3B2E700A1D5F5 /* PostAll.swift */,
			);
			path = View;
			sourceTree = "<group>";
		};
		FFC92EA727F3B30100A1D5F5 /* Screen */ = {
			isa = PBXGroup;
			children = (
				FFC92E8A27F3A16300A1D5F5 /* ContentView.swift */,
			);
			path = Screen;
			sourceTree = "<group>";
		};
/* End PBXGroup section */

/* Begin PBXNativeTarget section */
		FFC92E8427F3A16300A1D5F5 /* InstagramUI-SwiftUI */ = {
			isa = PBXNativeTarget;
			buildConfigurationList = FFC92E9327F3A16400A1D5F5 /* Build configuration list for PBXNativeTarget "InstagramUI-SwiftUI" */;
			buildPhases = (
				FFC92E8127F3A16300A1D5F5 /* Sources */,
				FFC92E8227F3A16300A1D5F5 /* Frameworks */,
				FFC92E8327F3A16300A1D5F5 /* Resources */,
			);
			buildRules = (
			);
			dependencies = (
			);
			name = "InstagramUI-SwiftUI";
			productName = "InstagramUI-SwiftUI";
			productReference = FFC92E8527F3A16300A1D5F5 /* InstagramUI-SwiftUI.app */;
			productType = "com.apple.product-type.application";
		};
/* End PBXNativeTarget section */

/* Begin PBXProject section */
		FFC92E7D27F3A16300A1D5F5 /* Project object */ = {
			isa = PBXProject;
			attributes = {
				BuildIndependentTargetsInParallel = 1;
				LastSwiftUpdateCheck = 1330;
				LastUpgradeCheck = 1330;
				TargetAttributes = {
					FFC92E8427F3A16300A1D5F5 = {
						CreatedOnToolsVersion = 13.3;
					};
				};
			};
			buildConfigurationList = FFC92E8027F3A16300A1D5F5 /* Build configuration list for PBXProject "InstagramUI-SwiftUI" */;
			compatibilityVersion = "Xcode 13.0";
			developmentRegion = en;
			hasScannedForEncodings = 0;
			knownRegions = (
				en,
				Base,
			);
			mainGroup = FFC92E7C27F3A16300A1D5F5;
			productRefGroup = FFC92E8627F3A16300A1D5F5 /* Products */;
			projectDirPath = "";
			projectRoot = "";
			targets = (
				FFC92E8427F3A16300A1D5F5 /* InstagramUI-SwiftUI */,
			);
		};
/* End PBXProject section */

/* Begin PBXResourcesBuildPhase section */
		FFC92E8327F3A16300A1D5F5 /* Resources */ = {
			isa = PBXResourcesBuildPhase;
			buildActionMask = 2147483647;
			files = (
				FFC92E9027F3A16400A1D5F5 /* Preview Assets.xcassets in Resources */,
				FFC92E8D27F3A16400A1D5F5 /* Assets.xcassets in Resources */,
			);
			runOnlyForDeploymentPostprocessing = 0;
		};
/* End PBXResourcesBuildPhase section */

/* Begin PBXSourcesBuildPhase section */
		FFC92E8127F3A16300A1D5F5 /* Sources */ = {
			isa = PBXSourcesBuildPhase;
			buildActionMask = 2147483647;
			files = (
				FFC92EA427F3B2AE00A1D5F5 /* PostAssets.swift in Sources */,
				FFC92E9827F3B1BD00A1D5F5 /* Navigation.swift in Sources */,
				FFC92E8B27F3A16300A1D5F5 /* ContentView.swift in Sources */,
				FFC92E9E27F3B25C00A1D5F5 /* PostHeader.swift in Sources */,
				FFC92E8927F3A16300A1D5F5 /* InstagramUI_SwiftUIApp.swift in Sources */,
				FFC92E9C27F3B22F00A1D5F5 /* StoryAll.swift in Sources */,
				FFC92EA227F3B29200A1D5F5 /* PostContent.swift in Sources */,
				FFC92EA627F3B2E700A1D5F5 /* PostAll.swift in Sources */,
				FFC92EA027F3B27800A1D5F5 /* PostImage.swift in Sources */,
				FFC92E9A27F3B20F00A1D5F5 /* Story.swift in Sources */,
			);
			runOnlyForDeploymentPostprocessing = 0;
		};
/* End PBXSourcesBuildPhase section */

/* Begin XCBuildConfiguration section */
		FFC92E9127F3A16400A1D5F5 /* Debug */ = {
			isa = XCBuildConfiguration;
			buildSettings = {
				ALWAYS_SEARCH_USER_PATHS = NO;
				CLANG_ANALYZER_NONNULL = YES;
				CLANG_ANALYZER_NUMBER_OBJECT_CONVERSION = YES_AGGRESSIVE;
				CLANG_CXX_LANGUAGE_STANDARD = "gnu++17";
				CLANG_ENABLE_MODULES = YES;
				CLANG_ENABLE_OBJC_ARC = YES;
				CLANG_ENABLE_OBJC_WEAK = YES;
				CLANG_WARN_BLOCK_CAPTURE_AUTORELEASING = YES;
				CLANG_WARN_BOOL_CONVERSION = YES;
				CLANG_WARN_COMMA = YES;
				CLANG_WARN_CONSTANT_CONVERSION = YES;
				CLANG_WARN_DEPRECATED_OBJC_IMPLEMENTATIONS = YES;
				CLANG_WARN_DIRECT_OBJC_ISA_USAGE = YES_ERROR;
				CLANG_WARN_DOCUMENTATION_COMMENTS = YES;
				CLANG_WARN_EMPTY_BODY = YES;
				CLANG_WARN_ENUM_CONVERSION = YES;
				CLANG_WARN_INFINITE_RECURSION = YES;
				CLANG_WARN_INT_CONVERSION = YES;
				CLANG_WARN_NON_LITERAL_NULL_CONVERSION = YES;
				CLANG_WARN_OBJC_IMPLICIT_RETAIN_SELF = YES;
				CLANG_WARN_OBJC_LITERAL_CONVERSION = YES;
				CLANG_WARN_OBJC_ROOT_CLASS = YES_ERROR;
				CLANG_WARN_QUOTED_INCLUDE_IN_FRAMEWORK_HEADER = YES;
				CLANG_WARN_RANGE_LOOP_ANALYSIS = YES;
				CLANG_WARN_STRICT_PROTOTYPES = YES;
				CLANG_WARN_SUSPICIOUS_MOVE = YES;
				CLANG_WARN_UNGUARDED_AVAILABILITY = YES_AGGRESSIVE;
				CLANG_WARN_UNREACHABLE_CODE = YES;
				CLANG_WARN__DUPLICATE_METHOD_MATCH = YES;
				COPY_PHASE_STRIP = NO;
				DEBUG_INFORMATION_FORMAT = dwarf;
				ENABLE_STRICT_OBJC_MSGSEND = YES;
				ENABLE_TESTABILITY = YES;
				GCC_C_LANGUAGE_STANDARD = gnu11;
				GCC_DYNAMIC_NO_PIC = NO;
				GCC_NO_COMMON_BLOCKS = YES;
				GCC_OPTIMIZATION_LEVEL = 0;
				GCC_PREPROCESSOR_DEFINITIONS = (
					"DEBUG=1",
					"$(inherited)",
				);
				GCC_WARN_64_TO_32_BIT_CONVERSION = YES;
				GCC_WARN_ABOUT_RETURN_TYPE = YES_ERROR;
				GCC_WARN_UNDECLARED_SELECTOR = YES;
				GCC_WARN_UNINITIALIZED_AUTOS = YES_AGGRESSIVE;
				GCC_WARN_UNUSED_FUNCTION = YES;
				GCC_WARN_UNUSED_VARIABLE = YES;
				IPHONEOS_DEPLOYMENT_TARGET = 15.4;
				MTL_ENABLE_DEBUG_INFO = INCLUDE_SOURCE;
				MTL_FAST_MATH = YES;
				ONLY_ACTIVE_ARCH = YES;
				SDKROOT = iphoneos;
				SWIFT_ACTIVE_COMPILATION_CONDITIONS = DEBUG;
				SWIFT_OPTIMIZATION_LEVEL = "-Onone";
			};
			name = Debug;
		};
		FFC92E9227F3A16400A1D5F5 /* Release */ = {
			isa = XCBuildConfiguration;
			buildSettings = {
				ALWAYS_SEARCH_USER_PATHS = NO;
				CLANG_ANALYZER_NONNULL = YES;
				CLANG_ANALYZER_NUMBER_OBJECT_CONVERSION = YES_AGGRESSIVE;
				CLANG_CXX_LANGUAGE_STANDARD = "gnu++17";
				CLANG_ENABLE_MODULES = YES;
				CLANG_ENABLE_OBJC_ARC = YES;
				CLANG_ENABLE_OBJC_WEAK = YES;
				CLANG_WARN_BLOCK_CAPTURE_AUTORELEASING = YES;
				CLANG_WARN_BOOL_CONVERSION = YES;
				CLANG_WARN_COMMA = YES;
				CLANG_WARN_CONSTANT_CONVERSION = YES;
				CLANG_WARN_DEPRECATED_OBJC_IMPLEMENTATIONS = YES;
				CLANG_WARN_DIRECT_OBJC_ISA_USAGE = YES_ERROR;
				CLANG_WARN_DOCUMENTATION_COMMENTS = YES;
				CLANG_WARN_EMPTY_BODY = YES;
				CLANG_WARN_ENUM_CONVERSION = YES;
				CLANG_WARN_INFINITE_RECURSION = YES;
				CLANG_WARN_INT_CONVERSION = YES;
				CLANG_WARN_NON_LITERAL_NULL_CONVERSION = YES;
				CLANG_WARN_OBJC_IMPLICIT_RETAIN_SELF = YES;
				CLANG_WARN_OBJC_LITERAL_CONVERSION = YES;
				CLANG_WARN_OBJC_ROOT_CLASS = YES_ERROR;
				CLANG_WARN_QUOTED_INCLUDE_IN_FRAMEWORK_HEADER = YES;
				CLANG_WARN_RANGE_LOOP_ANALYSIS = YES;
				CLANG_WARN_STRICT_PROTOTYPES = YES;
				CLANG_WARN_SUSPICIOUS_MOVE = YES;
				CLANG_WARN_UNGUARDED_AVAILABILITY = YES_AGGRESSIVE;
				CLANG_WARN_UNREACHABLE_CODE = YES;
				CLANG_WARN__DUPLICATE_METHOD_MATCH = YES;
				COPY_PHASE_STRIP = NO;
				DEBUG_INFORMATION_FORMAT = "dwarf-with-dsym";
				ENABLE_NS_ASSERTIONS = NO;
				ENABLE_STRICT_OBJC_MSGSEND = YES;
				GCC_C_LANGUAGE_STANDARD = gnu11;
				GCC_NO_COMMON_BLOCKS = YES;
				GCC_WARN_64_TO_32_BIT_CONVERSION = YES;
				GCC_WARN_ABOUT_RETURN_TYPE = YES_ERROR;
				GCC_WARN_UNDECLARED_SELECTOR = YES;
				GCC_WARN_UNINITIALIZED_AUTOS = YES_AGGRESSIVE;
				GCC_WARN_UNUSED_FUNCTION = YES;
				GCC_WARN_UNUSED_VARIABLE = YES;
				IPHONEOS_DEPLOYMENT_TARGET = 15.4;
				MTL_ENABLE_DEBUG_INFO = NO;
				MTL_FAST_MATH = YES;
				SDKROOT = iphoneos;
				SWIFT_COMPILATION_MODE = wholemodule;
				SWIFT_OPTIMIZATION_LEVEL = "-O";
				VALIDATE_PRODUCT = YES;
			};
			name = Release;
		};
		FFC92E9427F3A16400A1D5F5 /* Debug */ = {
			isa = XCBuildConfiguration;
			buildSettings = {
				ASSETCATALOG_COMPILER_APPICON_NAME = AppIcon;
				ASSETCATALOG_COMPILER_GLOBAL_ACCENT_COLOR_NAME = AccentColor;
				CODE_SIGN_STYLE = Automatic;
				CURRENT_PROJECT_VERSION = 1;
				DEVELOPMENT_ASSET_PATHS = "\"InstagramUI-SwiftUI/Preview Content\"";
				DEVELOPMENT_TEAM = M9MHSW8NNM;
				ENABLE_PREVIEWS = YES;
				GENERATE_INFOPLIST_FILE = YES;
				INFOPLIST_KEY_UIApplicationSceneManifest_Generation = YES;
				INFOPLIST_KEY_UIApplicationSupportsIndirectInputEvents = YES;
				INFOPLIST_KEY_UILaunchScreen_Generation = YES;
				INFOPLIST_KEY_UISupportedInterfaceOrientations_iPad = "UIInterfaceOrientationPortrait UIInterfaceOrientationPortraitUpsideDown UIInterfaceOrientationLandscapeLeft UIInterfaceOrientationLandscapeRight";
				INFOPLIST_KEY_UISupportedInterfaceOrientations_iPhone = "UIInterfaceOrientationPortrait UIInterfaceOrientationLandscapeLeft UIInterfaceOrientationLandscapeRight";
				LD_RUNPATH_SEARCH_PATHS = (
					"$(inherited)",
					"@executable_path/Frameworks",
				);
				MARKETING_VERSION = 1.0;
				PRODUCT_BUNDLE_IDENTIFIER = "kaan.InstagramUI-SwiftUI";
				PRODUCT_NAME = "$(TARGET_NAME)";
				SWIFT_EMIT_LOC_STRINGS = YES;
				SWIFT_VERSION = 5.0;
				TARGETED_DEVICE_FAMILY = "1,2";
			};
			name = Debug;
		};
		FFC92E9527F3A16400A1D5F5 /* Release */ = {
			isa = XCBuildConfiguration;
			buildSettings = {
				ASSETCATALOG_COMPILER_APPICON_NAME = AppIcon;
				ASSETCATALOG_COMPILER_GLOBAL_ACCENT_COLOR_NAME = AccentColor;
				CODE_SIGN_STYLE = Automatic;
				CURRENT_PROJECT_VERSION = 1;
				DEVELOPMENT_ASSET_PATHS = "\"InstagramUI-SwiftUI/Preview Content\"";
				DEVELOPMENT_TEAM = M9MHSW8NNM;
				ENABLE_PREVIEWS = YES;
				GENERATE_INFOPLIST_FILE = YES;
				INFOPLIST_KEY_UIApplicationSceneManifest_Generation = YES;
				INFOPLIST_KEY_UIApplicationSupportsIndirectInputEvents = YES;
				INFOPLIST_KEY_UILaunchScreen_Generation = YES;
				INFOPLIST_KEY_UISupportedInterfaceOrientations_iPad = "UIInterfaceOrientationPortrait UIInterfaceOrientationPortraitUpsideDown UIInterfaceOrientationLandscapeLeft UIInterfaceOrientationLandscapeRight";
				INFOPLIST_KEY_UISupportedInterfaceOrientations_iPhone = "UIInterfaceOrientationPortrait UIInterfaceOrientationLandscapeLeft UIInterfaceOrientationLandscapeRight";
				LD_RUNPATH_SEARCH_PATHS = (
					"$(inherited)",
					"@executable_path/Frameworks",
				);
				MARKETING_VERSION = 1.0;
				PRODUCT_BUNDLE_IDENTIFIER = "kaan.InstagramUI-SwiftUI";
				PRODUCT_NAME = "$(TARGET_NAME)";
				SWIFT_EMIT_LOC_STRINGS = YES;
				SWIFT_VERSION = 5.0;
				TARGETED_DEVICE_FAMILY = "1,2";
			};
			name = Release;
		};
/* End XCBuildConfiguration section */

/* Begin XCConfigurationList section */
		FFC92E8027F3A16300A1D5F5 /* Build configuration list for PBXProject "InstagramUI-SwiftUI" */ = {
			isa = XCConfigurationList;
			buildConfigurations = (
				FFC92E9127F3A16400A1D5F5 /* Debug */,
				FFC92E9227F3A16400A1D5F5 /* Release */,
			);
			defaultConfigurationIsVisible = 0;
			defaultConfigurationName = Release;
		};
		FFC92E9327F3A16400A1D5F5 /* Build configuration list for PBXNativeTarget "InstagramUI-SwiftUI" */ = {
			isa = XCConfigurationList;
			buildConfigurations = (
				FFC92E9427F3A16400A1D5F5 /* Debug */,
				FFC92E9527F3A16400A1D5F5 /* Release */,
			);
			defaultConfigurationIsVisible = 0;
			defaultConfigurationName = Release;
		};
/* End XCConfigurationList section */
	};
	rootObject = FFC92E7D27F3A16300A1D5F5 /* Project object */;
}
